
Microsoft Visual Studio Solution File, Format Version 12.00
# Visual Studio Version 17
VisualStudioVersion = 17.2.32616.157
MinimumVisualStudioVersion = 10.0.40219.1
Project("{FAE04EC0-301F-11D3-BF4B-00C04F79EFBC}") = "Constructor", "Constructor.csproj", "{4D3BC970-F190-4789-9C00-F95BC7730A6C}"
EndProject
Global
	GlobalSection(SolutionConfigurationPlatforms) = preSolution
		Debug|Any CPU = Debug|Any CPU
		Release|Any CPU = Release|Any CPU
	EndGlobalSection
	GlobalSection(ProjectConfigurationPlatforms) = postSolution
		{4D3BC970-F190-4789-9C00-F95BC7730A6C}.Debug|Any CPU.ActiveCfg = Debug|Any CPU
		{4D3BC970-F190-4789-9C00-F95BC7730A6C}.Debug|Any CPU.Build.0 = Debug|Any CPU
		{4D3BC970-F190-4789-9C00-F95BC7730A6C}.Release|Any CPU.ActiveCfg = Release|Any CPU
		{4D3BC970-F190-4789-9C00-F95BC7730A6C}.Release|Any CPU.Build.0 = Release|Any CPU
	EndGlobalSection
	GlobalSection(SolutionProperties) = preSolution
		HideSolutionNode = FALSE
	EndGlobalSection
	GlobalSection(ExtensibilityGlobals) = postSolution
		SolutionGuid = {E63C5677-5815-4BF7-B60C-4466A08BE0E6}
	EndGlobalSection
EndGlobal
